// !$*UTF8*$!
{
	archiveVersion = 1;
	classes = {
	};
	objectVersion = 48;
	objects = {

/* Begin PBXBuildFile section */
		3A005726205A38B4008E5442 /* AppDelegate.m in Sources */ = {isa = PBXBuildFile; fileRef = 3A005725205A38B4008E5442 /* AppDelegate.m */; };
		3A00572C205A38B4008E5442 /* Main.storyboard in Resources */ = {isa = PBXBuildFile; fileRef = 3A00572A205A38B4008E5442 /* Main.storyboard */; };
		3A00572E205A38B4008E5442 /* Assets.xcassets in Resources */ = {isa = PBXBuildFile; fileRef = 3A00572D205A38B4008E5442 /* Assets.xcassets */; };
		3A005731205A38B4008E5442 /* LaunchScreen.storyboard in Resources */ = {isa = PBXBuildFile; fileRef = 3A00572F205A38B4008E5442 /* LaunchScreen.storyboard */; };
		3A005734205A38B4008E5442 /* main.m in Sources */ = {isa = PBXBuildFile; fileRef = 3A005733205A38B4008E5442 /* main.m */; };
		3A00573D205A3961008E5442 /* LBDisplayPageController.m in Sources */ = {isa = PBXBuildFile; fileRef = 3A00573C205A3961008E5442 /* LBDisplayPageController.m */; };
/* End PBXBuildFile section */

/* Begin PBXFileReference section */
		3A005721205A38B4008E5442 /* LBDisplayPage.app */ = {isa = PBXFileReference; explicitFileType = wrapper.application; includeInIndex = 0; path = LBDisplayPage.app; sourceTree = BUILT_PRODUCTS_DIR; };
		3A005724205A38B4008E5442 /* AppDelegate.h */ = {isa = PBXFileReference; lastKnownFileType = sourcecode.c.h; path = AppDelegate.h; sourceTree = "<group>"; };
		3A005725205A38B4008E5442 /* AppDelegate.m */ = {isa = PBXFileReference; lastKnownFileType = sourcecode.c.objc; path = AppDelegate.m; sourceTree = "<group>"; };
		3A00572B205A38B4008E5442 /* Base */ = {isa = PBXFileReference; lastKnownFileType = file.storyboard; name = Base; path = Base.lproj/Main.storyboard; sourceTree = "<group>"; };
		3A00572D205A38B4008E5442 /* Assets.xcassets */ = {isa = PBXFileReference; lastKnownFileType = folder.assetcatalog; path = Assets.xcassets; sourceTree = "<group>"; };
		3A005730205A38B4008E5442 /* Base */ = {isa = PBXFileReference; lastKnownFileType = file.storyboard; name = Base; path = Base.lproj/LaunchScreen.storyboard; sourceTree = "<group>"; };
		3A005732205A38B4008E5442 /* Info.plist */ = {isa = PBXFileReference; lastKnownFileType = text.plist.xml; path = Info.plist; sourceTree = "<group>"; };
		3A005733205A38B4008E5442 /* main.m */ = {isa = PBXFileReference; lastKnownFileType = sourcecode.c.objc; path = main.m; sourceTree = "<group>"; };
		3A00573B205A3961008E5442 /* LBDisplayPageController.h */ = {isa = PBXFileReference; lastKnownFileType = sourcecode.c.h; path = LBDisplayPageController.h; sourceTree = "<group>"; };
		3A00573C205A3961008E5442 /* LBDisplayPageController.m */ = {isa = PBXFileReference; lastKnownFileType = sourcecode.c.objc; path = LBDisplayPageController.m; sourceTree = "<group>"; };
/* End PBXFileReference section */

/* Begin PBXFrameworksBuildPhase section */
		3A00571E205A38B4008E5442 /* Frameworks */ = {
			isa = PBXFrameworksBuildPhase;
			buildActionMask = 2147483647;
			files = (
			);
			runOnlyForDeploymentPostprocessing = 0;
		};
/* End PBXFrameworksBuildPhase section */

/* Begin PBXGroup section */
		3A005718205A38B4008E5442 = {
			isa = PBXGroup;
			children = (
				3A005723205A38B4008E5442 /* LBDisplayPage */,
				3A005722205A38B4008E5442 /* Products */,
			);
			sourceTree = "<group>";
		};
		3A005722205A38B4008E5442 /* Products */ = {
			isa = PBXGroup;
			children = (
				3A005721205A38B4008E5442 /* LBDisplayPage.app */,
			);
			name = Products;
			sourceTree = "<group>";
		};
		3A005723205A38B4008E5442 /* LBDisplayPage */ = {
			isa = PBXGroup;
			children = (
				3A00573A205A3932008E5442 /* home */,
				3A005724205A38B4008E5442 /* AppDelegate.h */,
				3A005725205A38B4008E5442 /* AppDelegate.m */,
				3A00572A205A38B4008E5442 /* Main.storyboard */,
				3A00572D205A38B4008E5442 /* Assets.xcassets */,
				3A00572F205A38B4008E5442 /* LaunchScreen.storyboard */,
				3A005732205A38B4008E5442 /* Info.plist */,
				3A005733205A38B4008E5442 /* main.m */,
			);
			path = LBDisplayPage;
			sourceTree = "<group>";
		};
		3A00573A205A3932008E5442 /* home */ = {
			isa = PBXGroup;
			children = (
				3A00573B205A3961008E5442 /* LBDisplayPageController.h */,
				3A00573C205A3961008E5442 /* LBDisplayPageController.m */,
			);
			path = home;
			sourceTree = "<group>";
		};
/* End PBXGroup section */

/* Begin PBXNativeTarget section */
		3A005720205A38B4008E5442 /* LBDisplayPage */ = {
			isa = PBXNativeTarget;
			buildConfigurationList = 3A005737205A38B4008E5442 /* Build configuration list for PBXNativeTarget "LBDisplayPage" */;
			buildPhases = (
				3A00571D205A38B4008E5442 /* Sources */,
				3A00571E205A38B4008E5442 /* Frameworks */,
				3A00571F205A38B4008E5442 /* Resources */,
			);
			buildRules = (
			);
			dependencies = (
			);
			name = LBDisplayPage;
			productName = LBDisplayPage;
			productReference = 3A005721205A38B4008E5442 /* LBDisplayPage.app */;
			productType = "com.apple.product-type.application";
		};
/* End PBXNativeTarget section */

/* Begin PBXProject section */
		3A005719205A38B4008E5442 /* Project object */ = {
			isa = PBXProject;
			attributes = {
				LastUpgradeCheck = 0920;
				ORGANIZATIONNAME = "刘博";
				TargetAttributes = {
					3A005720205A38B4008E5442 = {
						CreatedOnToolsVersion = 9.2;
						ProvisioningStyle = Automatic;
					};
				};
			};
			buildConfigurationList = 3A00571C205A38B4008E5442 /* Build configuration list for PBXProject "LBDisplayPage" */;
			compatibilityVersion = "Xcode 8.0";
			developmentRegion = en;
			hasScannedForEncodings = 0;
			knownRegions = (
				en,
				Base,
			);
			mainGroup = 3A005718205A38B4008E5442;
			productRefGroup = 3A005722205A38B4008E5442 /* Products */;
			projectDirPath = "";
			projectRoot = "";
			targets = (
				3A005720205A38B4008E5442 /* LBDisplayPage */,
			);
		};
/* End PBXProject section */

/* Begin PBXResourcesBuildPhase section */
		3A00571F205A38B4008E5442 /* Resources */ = {
			isa = PBXResourcesBuildPhase;
			buildActionMask = 2147483647;
			files = (
				3A005731205A38B4008E5442 /* LaunchScreen.storyboard in Resources */,
				3A00572E205A38B4008E5442 /* Assets.xcassets in Resources */,
				3A00572C205A38B4008E5442 /* Main.storyboard in Resources */,
			);
			runOnlyForDeploymentPostprocessing = 0;
		};
/* End PBXResourcesBuildPhase section */

/* Begin PBXSourcesBuildPhase section */
		3A00571D205A38B4008E5442 /* Sources */ = {
			isa = PBXSourcesBuildPhase;
			buildActionMask = 2147483647;
			files = (
				3A005734205A38B4008E5442 /* main.m in Sources */,
				3A00573D205A3961008E5442 /* LBDisplayPageController.m in Sources */,
				3A005726205A38B4008E5442 /* AppDelegate.m in Sources */,
			);
			runOnlyForDeploymentPostprocessing = 0;
		};
/* End PBXSourcesBuildPhase section */

/* Begin PBXVariantGroup section */
		3A00572A205A38B4008E5442 /* Main.storyboard */ = {
			isa = PBXVariantGroup;
			children = (
				3A00572B205A38B4008E5442 /* Base */,
			);
			name = Main.storyboard;
			sourceTree = "<group>";
		};
		3A00572F205A38B4008E5442 /* LaunchScreen.storyboard */ = {
			isa = PBXVariantGroup;
			children = (
				3A005730205A38B4008E5442 /* Base */,
			);
			name = LaunchScreen.storyboard;
			sourceTree = "<group>";
		};
/* End PBXVariantGroup section */

/* Begin XCBuildConfiguration section */
		3A005735205A38B4008E5442 /* Debug */ = {
			isa = XCBuildConfiguration;
			buildSettings = {
				ALWAYS_SEARCH_USER_PATHS = NO;
				CLANG_ANALYZER_NONNULL = YES;
				CLANG_ANALYZER_NUMBER_OBJECT_CONVERSION = YES_AGGRESSIVE;
				CLANG_CXX_LANGUAGE_STANDARD = "gnu++14";
				CLANG_CXX_LIBRARY = "libc++";
				CLANG_ENABLE_MODULES = YES;
				CLANG_ENABLE_OBJC_ARC = YES;
				CLANG_WARN_BLOCK_CAPTURE_AUTORELEASING = YES;
				CLANG_WARN_BOOL_CONVERSION = YES;
				CLANG_WARN_COMMA = YES;
				CLANG_WARN_CONSTANT_CONVERSION = YES;
				CLANG_WARN_DIRECT_OBJC_ISA_USAGE = YES_ERROR;
				CLANG_WARN_DOCUMENTATION_COMMENTS = YES;
				CLANG_WARN_EMPTY_BODY = YES;
				CLANG_WARN_ENUM_CONVERSION = YES;
				CLANG_WARN_INFINITE_RECURSION = YES;
				CLANG_WARN_INT_CONVERSION = YES;
				CLANG_WARN_NON_LITERAL_NULL_CONVERSION = YES;
				CLANG_WARN_OBJC_LITERAL_CONVERSION = YES;
				CLANG_WARN_OBJC_ROOT_CLASS = YES_ERROR;
				CLANG_WARN_RANGE_LOOP_ANALYSIS = YES;
				CLANG_WARN_STRICT_PROTOTYPES = YES;
				CLANG_WARN_SUSPICIOUS_MOVE = YES;
				CLANG_WARN_UNGUARDED_AVAILABILITY = YES_AGGRESSIVE;
				CLANG_WARN_UNREACHABLE_CODE = YES;
				CLANG_WARN__DUPLICATE_METHOD_MATCH = YES;
				CODE_SIGN_IDENTITY = "iPhone Developer";
				COPY_PHASE_STRIP = NO;
				DEBUG_INFORMATION_FORMAT = dwarf;
				ENABLE_STRICT_OBJC_MSGSEND = YES;
				ENABLE_TESTABILITY = YES;
				GCC_C_LANGUAGE_STANDARD = gnu11;
				GCC_DYNAMIC_NO_PIC = NO;
				GCC_NO_COMMON_BLOCKS = YES;
				GCC_OPTIMIZATION_LEVEL = 0;
				GCC_PREPROCESSOR_DEFINITIONS = (
					"DEBUG=1",
					"$(inherited)",
				);
				GCC_WARN_64_TO_32_BIT_CONVERSION = YES;
				GCC_WARN_ABOUT_RETURN_TYPE = YES_ERROR;
				GCC_WARN_UNDECLARED_SELECTOR = YES;
				GCC_WARN_UNINITIALIZED_AUTOS = YES_AGGRESSIVE;
				GCC_WARN_UNUSED_FUNCTION = YES;
				GCC_WARN_UNUSED_VARIABLE = YES;
				IPHONEOS_DEPLOYMENT_TARGET = 11.2;
				MTL_ENABLE_DEBUG_INFO = YES;
				ONLY_ACTIVE_ARCH = YES;
				SDKROOT = iphoneos;
			};
			name = Debug;
		};
		3A005736205A38B4008E5442 /* Release */ = {
			isa = XCBuildConfiguration;
			buildSettings = {
				ALWAYS_SEARCH_USER_PATHS = NO;
				CLANG_ANALYZER_NONNULL = YES;
				CLANG_ANALYZER_NUMBER_OBJECT_CONVERSION = YES_AGGRESSIVE;
				CLANG_CXX_LANGUAGE_STANDARD = "gnu++14";
				CLANG_CXX_LIBRARY = "libc++";
				CLANG_ENABLE_MODULES = YES;
				CLANG_ENABLE_OBJC_ARC = YES;
				CLANG_WARN_BLOCK_CAPTURE_AUTORELEASING = YES;
				CLANG_WARN_BOOL_CONVERSION = YES;
				CLANG_WARN_COMMA = YES;
				CLANG_WARN_CONSTANT_CONVERSION = YES;
				CLANG_WARN_DIRECT_OBJC_ISA_USAGE = YES_ERROR;
				CLANG_WARN_DOCUMENTATION_COMMENTS = YES;
				CLANG_WARN_EMPTY_BODY = YES;
				CLANG_WARN_ENUM_CONVERSION = YES;
				CLANG_WARN_INFINITE_RECURSION = YES;
				CLANG_WARN_INT_CONVERSION = YES;
				CLANG_WARN_NON_LITERAL_NULL_CONVERSION = YES;
				CLANG_WARN_OBJC_LITERAL_CONVERSION = YES;
				CLANG_WARN_OBJC_ROOT_CLASS = YES_ERROR;
				CLANG_WARN_RANGE_LOOP_ANALYSIS = YES;
				CLANG_WARN_STRICT_PROTOTYPES = YES;
				CLANG_WARN_SUSPICIOUS_MOVE = YES;
				CLANG_WARN_UNGUARDED_AVAILABILITY = YES_AGGRESSIVE;
				CLANG_WARN_UNREACHABLE_CODE = YES;
				CLANG_WARN__DUPLICATE_METHOD_MATCH = YES;
				CODE_SIGN_IDENTITY = "iPhone Developer";
				COPY_PHASE_STRIP = NO;
				DEBUG_INFORMATION_FORMAT = "dwarf-with-dsym";
				ENABLE_NS_ASSERTIONS = NO;
				ENABLE_STRICT_OBJC_MSGSEND = YES;
				GCC_C_LANGUAGE_STANDARD = gnu11;
				GCC_NO_COMMON_BLOCKS = YES;
				GCC_WARN_64_TO_32_BIT_CONVERSION = YES;
				GCC_WARN_ABOUT_RETURN_TYPE = YES_ERROR;
				GCC_WARN_UNDECLARED_SELECTOR = YES;
				GCC_WARN_UNINITIALIZED_AUTOS = YES_AGGRESSIVE;
				GCC_WARN_UNUSED_FUNCTION = YES;
				GCC_WARN_UNUSED_VARIABLE = YES;
				IPHONEOS_DEPLOYMENT_TARGET = 11.2;
				MTL_ENABLE_DEBUG_INFO = NO;
				SDKROOT = iphoneos;
				VALIDATE_PRODUCT = YES;
			};
			name = Release;
		};
		3A005738205A38B4008E5442 /* Debug */ = {
			isa = XCBuildConfiguration;
			buildSettings = {
				ASSETCATALOG_COMPILER_APPICON_NAME = AppIcon;
				CODE_SIGN_STYLE = Automatic;
				DEVELOPMENT_TEAM = MECQS3Z269;
				INFOPLIST_FILE = LBDisplayPage/Info.plist;
				IPHONEOS_DEPLOYMENT_TARGET = 9.0;
				LD_RUNPATH_SEARCH_PATHS = "$(inherited) @executable_path/Frameworks";
				PRODUCT_BUNDLE_IDENTIFIER = liubo.LBDisplayPage;
				PRODUCT_NAME = "$(TARGET_NAME)";
				TARGETED_DEVICE_FAMILY = 1;
			};
			name = Debug;
		};
		3A005739205A38B4008E5442 /* Release */ = {
			isa = XCBuildConfiguration;
			buildSettings = {
				ASSETCATALOG_COMPILER_APPICON_NAME = AppIcon;
				CODE_SIGN_STYLE = Automatic;
				DEVELOPMENT_TEAM = MECQS3Z269;
				INFOPLIST_FILE = LBDisplayPage/Info.plist;
				IPHONEOS_DEPLOYMENT_TARGET = 9.0;
				LD_RUNPATH_SEARCH_PATHS = "$(inherited) @executable_path/Frameworks";
				PRODUCT_BUNDLE_IDENTIFIER = liubo.LBDisplayPage;
				PRODUCT_NAME = "$(TARGET_NAME)";
				TARGETED_DEVICE_FAMILY = 1;
			};
			name = Release;
		};
/* End XCBuildConfiguration section */

/* Begin XCConfigurationList section */
		3A00571C205A38B4008E5442 /* Build configuration list for PBXProject "LBDisplayPage" */ = {
			isa = XCConfigurationList;
			buildConfigurations = (
				3A005735205A38B4008E5442 /* Debug */,
				3A005736205A38B4008E5442 /* Release */,
			);
			defaultConfigurationIsVisible = 0;
			defaultConfigurationName = Release;
		};
		3A005737205A38B4008E5442 /* Build configuration list for PBXNativeTarget "LBDisplayPage" */ = {
			isa = XCConfigurationList;
			buildConfigurations = (
				3A005738205A38B4008E5442 /* Debug */,
				3A005739205A38B4008E5442 /* Release */,
			);
			defaultConfigurationIsVisible = 0;
			defaultConfigurationName = Release;
		};
/* End XCConfigurationList section */
	};
	rootObject = 3A005719205A38B4008E5442 /* Project object */;
}
